
Microsoft Visual Studio Solution File, Format Version 11.00
# Visual Studio 2010
Project("{8BC9CEB8-8B4A-11D0-8D11-00A0C91BC942}") = "分段并行", "分段并行\分段并行.vcxproj", "{1BFAF3F3-D105-4203-A6E8-BEC001F2BC2C}"
EndProject
Global
	GlobalSection(SolutionConfigurationPlatforms) = preSolution
		Debug|Win32 = Debug|Win32
		Release|Win32 = Release|Win32
	EndGlobalSection
	GlobalSection(ProjectConfigurationPlatforms) = postSolution
		{1BFAF3F3-D105-4203-A6E8-BEC001F2BC2C}.Debug|Win32.ActiveCfg = Debug|Win32
		{1BFAF3F3-D105-4203-A6E8-BEC001F2BC2C}.Debug|Win32.Build.0 = Debug|Win32
		{1BFAF3F3-D105-4203-A6E8-BEC001F2BC2C}.Release|Win32.ActiveCfg = Release|Win32
		{1BFAF3F3-D105-4203-A6E8-BEC001F2BC2C}.Release|Win32.Build.0 = Release|Win32
	EndGlobalSection
	GlobalSection(SolutionProperties) = preSolution
		HideSolutionNode = FALSE
	EndGlobalSection
EndGlobal
